
Microsoft Visual Studio Solution File, Format Version 12.00
# Visual Studio Version 16
VisualStudioVersion = 16.0.32407.337
MinimumVisualStudioVersion = 10.0.40219.1
Project("{888888A0-9F3D-457C-B088-3A5042F75D52}") = "EuclidianDistance", "EuclidianDistance\EuclidianDistance.pyproj", "{8C2A5A95-528E-4631-85F5-817578016EFE}"
EndProject
Project("{FAE04EC0-301F-11D3-BF4B-00C04F79EFBC}") = "EuclidianCS", "EuclidianCS\EuclidianCS.csproj", "{61282479-49FB-4172-9B5C-D3E05E108DC0}"
EndProject
Global
	GlobalSection(SolutionConfigurationPlatforms) = preSolution
		Debug|Any CPU = Debug|Any CPU
		Release|Any CPU = Release|Any CPU
	EndGlobalSection
	GlobalSection(ProjectConfigurationPlatforms) = postSolution
		{8C2A5A95-528E-4631-85F5-817578016EFE}.Debug|Any CPU.ActiveCfg = Debug|Any CPU
		{8C2A5A95-528E-4631-85F5-817578016EFE}.Release|Any CPU.ActiveCfg = Release|Any CPU
		{61282479-49FB-4172-9B5C-D3E05E108DC0}.Debug|Any CPU.ActiveCfg = Debug|Any CPU
		{61282479-49FB-4172-9B5C-D3E05E108DC0}.Debug|Any CPU.Build.0 = Debug|Any CPU
		{61282479-49FB-4172-9B5C-D3E05E108DC0}.Release|Any CPU.ActiveCfg = Release|Any CPU
		{61282479-49FB-4172-9B5C-D3E05E108DC0}.Release|Any CPU.Build.0 = Release|Any CPU
	EndGlobalSection
	GlobalSection(SolutionProperties) = preSolution
		HideSolutionNode = FALSE
	EndGlobalSection
	GlobalSection(ExtensibilityGlobals) = postSolution
		SolutionGuid = {6790EC93-9FD4-4008-8101-F2BF7E612A6C}
	EndGlobalSection
EndGlobal
